
Microsoft Visual Studio Solution File, Format Version 12.00
# Visual Studio Version 18
VisualStudioVersion = 18.0.11217.181
MinimumVisualStudioVersion = 10.0.40219.1
Project("{2150E333-8FDC-42A3-9474-1A3956D46DE8}") = "ModuleManagement", "ModuleManagement", "{B2F37E4B-3A65-438B-AC7D-B9908EAEDCF2}"
EndProject
Project("{2150E333-8FDC-42A3-9474-1A3956D46DE8}") = "Base", "Base", "{CEA3A858-A996-4228-BFAF-5574AC3CDC4B}"
EndProject
Project("{FAE04EC0-301F-11D3-BF4B-00C04F79EFBC}") = "SLK.TryEdu.WebHost", "SLK.TryEdu.WebHost\SLK.TryEdu.WebHost.csproj", "{7C759477-F4C0-365D-EB3D-220A2F02CE01}"
EndProject
Project("{FAE04EC0-301F-11D3-BF4B-00C04F79EFBC}") = "SLK.TryEdu.WebApp", "SLK.TryEdu.WebApp\SLK.TryEdu.WebApp.csproj", "{306C464F-65EE-2FFB-39A1-67654F5E510D}"
EndProject
Project("{FAE04EC0-301F-11D3-BF4B-00C04F79EFBC}") = "SLK.TryEdu.ModuleManagement", "SLK.TryEdu.ModuleManagement\SLK.TryEdu.ModuleManagement.csproj", "{4548805B-3E0D-6458-B1D3-DE5F23F921C1}"
EndProject
Project("{FAE04EC0-301F-11D3-BF4B-00C04F79EFBC}") = "SLK.TryEdu.ModuleManagementBlazor", "SLK.TryEdu.ModuleManagementBlazor\SLK.TryEdu.ModuleManagementBlazor.csproj", "{A051782D-1561-D0AB-3488-B548404C948B}"
EndProject
Project("{FAE04EC0-301F-11D3-BF4B-00C04F79EFBC}") = "SLK.TryEdu.ModuleManagementCore", "SLK.TryEdu.ModuleManagementCore\SLK.TryEdu.ModuleManagementCore.csproj", "{695D60FF-502B-2D11-32B1-8E07881984B8}"
EndProject
Project("{FAE04EC0-301F-11D3-BF4B-00C04F79EFBC}") = "SLK.TryEdu.Abstract", "SLK.TryEdu.Abstract\SLK.TryEdu.Abstract.csproj", "{234D9448-04A9-6437-1005-EFAF229DD90B}"
EndProject
Project("{FAE04EC0-301F-11D3-BF4B-00C04F79EFBC}") = "SLK.TryEdu.Base", "SLK.TryEdu.Base\SLK.TryEdu.Base.csproj", "{FE9997CF-E787-9727-D037-063842E7237D}"
EndProject
Project("{FAE04EC0-301F-11D3-BF4B-00C04F79EFBC}") = "SLK.TryEdu.Db", "SLK.TryEdu.Db\SLK.TryEdu.Db.csproj", "{B9034242-3F77-3124-4C89-891CD7A5003F}"
EndProject
Project("{2150E333-8FDC-42A3-9474-1A3956D46DE8}") = "ModuleEmployee", "ModuleEmployee", "{02EA681E-C7D8-13C7-8484-4AC65E1B71E8}"
EndProject
Project("{FAE04EC0-301F-11D3-BF4B-00C04F79EFBC}") = "SLK.TryEdu.ModuleEmployee", "SLK.TryEdu.ModuleEmployee\SLK.TryEdu.ModuleEmployee.csproj", "{137CF3DB-AD3F-78F0-CC4D-5D5A22D23323}"
EndProject
Project("{FAE04EC0-301F-11D3-BF4B-00C04F79EFBC}") = "SLK.TryEdu.ModuleEmployeeBlazor", "SLK.TryEdu.ModuleEmployeeBlazor\SLK.TryEdu.ModuleEmployeeBlazor.csproj", "{34F4C2A5-05EC-2642-C1C3-7C6E81093180}"
EndProject
Project("{FAE04EC0-301F-11D3-BF4B-00C04F79EFBC}") = "SLK.TryEdu.ModuleEmployeeCore", "SLK.TryEdu.ModuleEmployeeCore\SLK.TryEdu.ModuleEmployeeCore.csproj", "{8AD5F8CA-6517-6124-4E77-3FB9317CD5D3}"
EndProject
Project("{2150E333-8FDC-42A3-9474-1A3956D46DE8}") = "ModuleSetting", "ModuleSetting", "{98E185D4-42E0-48A1-B1AC-76E449780193}"
EndProject
Project("{FAE04EC0-301F-11D3-BF4B-00C04F79EFBC}") = "SLK.TryEdu.ModuleSettingBlazor", "SLK.TryEdu.ModuleSettingBlazor\SLK.TryEdu.ModuleSettingBlazor.csproj", "{756EA879-42D5-3FAE-7329-654F9B1D9445}"
EndProject
Project("{FAE04EC0-301F-11D3-BF4B-00C04F79EFBC}") = "SLK.TryEdu.ModuleSettingCore", "SLK.TryEdu.ModuleSettingCore\SLK.TryEdu.ModuleSettingCore.csproj", "{3A4A9A86-D5D1-3E2C-1EBC-11FA06A76E76}"
EndProject
Project("{FAE04EC0-301F-11D3-BF4B-00C04F79EFBC}") = "SLK.TryEdu.ModuleSetting", "SLK.TryEdu.ModuleSetting\SLK.TryEdu.ModuleSetting.csproj", "{3E3B0F4C-FCC3-D8D1-2993-158BB29281F7}"
EndProject
Project("{2150E333-8FDC-42A3-9474-1A3956D46DE8}") = "ModuleUser", "ModuleUser", "{047FEEB3-220E-4B76-BF97-FF83889D8814}"
EndProject
Project("{FAE04EC0-301F-11D3-BF4B-00C04F79EFBC}") = "SLK.TryEdu.ModuleUser", "SLK.TryEdu.ModuleUser\SLK.TryEdu.ModuleUser.csproj", "{5A832C1D-B5CA-DD4C-B68B-47D9F0822291}"
EndProject
Project("{FAE04EC0-301F-11D3-BF4B-00C04F79EFBC}") = "SLK.TryEdu.ModuleUserBlazor", "SLK.TryEdu.ModuleUserBlazor\SLK.TryEdu.ModuleUserBlazor.csproj", "{3A276D9D-D69A-D14C-886A-1640768E20F0}"
EndProject
Project("{FAE04EC0-301F-11D3-BF4B-00C04F79EFBC}") = "SLK.TryEdu.ModuleUserCore", "SLK.TryEdu.ModuleUserCore\SLK.TryEdu.ModuleUserCore.csproj", "{48EF62CE-16BA-2FB6-75B3-F5FE35AE9FCD}"
EndProject
Project("{2150E333-8FDC-42A3-9474-1A3956D46DE8}") = "ModuleCoin", "ModuleCoin", "{EC564088-0710-4767-B39F-A330963A6CB3}"
EndProject
Project("{FAE04EC0-301F-11D3-BF4B-00C04F79EFBC}") = "SLK.TryEdu.ModuleCoin", "SLK.TryEdu.ModuleCoin\SLK.TryEdu.ModuleCoin.csproj", "{1ECE9542-D136-8F37-934B-128372E2E803}"
EndProject
Project("{FAE04EC0-301F-11D3-BF4B-00C04F79EFBC}") = "SLK.TryEdu.ModuleCoinBlazor", "SLK.TryEdu.ModuleCoinBlazor\SLK.TryEdu.ModuleCoinBlazor.csproj", "{629F7475-13CA-2096-BFB1-60DC130B8FFE}"
EndProject
Project("{FAE04EC0-301F-11D3-BF4B-00C04F79EFBC}") = "SLK.TryEdu.ModuleCoinCore", "SLK.TryEdu.ModuleCoinCore\SLK.TryEdu.ModuleCoinCore.csproj", "{AB4F4DB8-CA4D-AC1E-CD31-DAB51CBDF91B}"
EndProject
Project("{2150E333-8FDC-42A3-9474-1A3956D46DE8}") = "ModulePartner", "ModulePartner", "{D98684D0-B624-4C06-8909-5BB7882C7CC6}"
EndProject
Project("{FAE04EC0-301F-11D3-BF4B-00C04F79EFBC}") = "SLK.TryEdu.ModulePartnerBlazor", "SLK.TryEdu.ModulePartnerBlazor\SLK.TryEdu.ModulePartnerBlazor.csproj", "{AE1F9B4D-4C13-7557-BE2D-3DE7671FE77E}"
EndProject
Project("{FAE04EC0-301F-11D3-BF4B-00C04F79EFBC}") = "SLK.TryEdu.ModulePartner", "SLK.TryEdu.ModulePartner\SLK.TryEdu.ModulePartner.csproj", "{34002C53-DD59-C882-9EE4-E2F0C66AFA9A}"
EndProject
Project("{FAE04EC0-301F-11D3-BF4B-00C04F79EFBC}") = "SLK.TryEdu.ModulePartnerCore", "SLK.TryEdu.ModulePartnerCore\SLK.TryEdu.ModulePartnerCore.csproj", "{69E58C4E-E30C-7787-53D6-52F405D78E27}"
EndProject
Project("{2150E333-8FDC-42A3-9474-1A3956D46DE8}") = "ModuleContent", "ModuleContent", "{8ABEAC5B-852F-4EF6-BFF3-78134AE95E7D}"
EndProject
Project("{FAE04EC0-301F-11D3-BF4B-00C04F79EFBC}") = "SLK.TryEdu.ModuleContent", "SLK.TryEdu.ModuleContent\SLK.TryEdu.ModuleContent.csproj", "{53A092F6-1554-8042-BAC1-3DD79C34842C}"
EndProject
Project("{FAE04EC0-301F-11D3-BF4B-00C04F79EFBC}") = "SLK.TryEdu.ModuleContentCore", "SLK.TryEdu.ModuleContentCore\SLK.TryEdu.ModuleContentCore.csproj", "{5B21C0A2-2213-4188-6D53-AF116245183C}"
EndProject
Project("{FAE04EC0-301F-11D3-BF4B-00C04F79EFBC}") = "SLK.TryEdu.ModuleContentBlazor", "SLK.TryEdu.ModuleContentBlazor\SLK.TryEdu.ModuleContentBlazor.csproj", "{A3E2E086-1E91-95AC-8F59-A04BE9A37A77}"
EndProject
Project("{2150E333-8FDC-42A3-9474-1A3956D46DE8}") = "ModuleLearning", "ModuleLearning", "{0037AB65-E3AC-4835-9323-A5EE343517B7}"
EndProject
Project("{FAE04EC0-301F-11D3-BF4B-00C04F79EFBC}") = "SLK.TryEdu.ModuleLearning", "SLK.TryEdu.ModuleLearning\SLK.TryEdu.ModuleLearning.csproj", "{8E31B206-D3C2-4381-7630-0DB1E6E706F4}"
EndProject
Project("{FAE04EC0-301F-11D3-BF4B-00C04F79EFBC}") = "SLK.TryEdu.ModuleLearningCore", "SLK.TryEdu.ModuleLearningCore\SLK.TryEdu.ModuleLearningCore.csproj", "{0C42514D-5A15-BE66-76A1-4A270ACD0543}"
EndProject
Project("{FAE04EC0-301F-11D3-BF4B-00C04F79EFBC}") = "SLK.TryEdu.ModuleLearningBlazor", "SLK.TryEdu.ModuleLearningBlazor\SLK.TryEdu.ModuleLearningBlazor.csproj", "{7149ECC9-37AB-F46D-D58E-0B27CE05C470}"
EndProject
Project("{2150E333-8FDC-42A3-9474-1A3956D46DE8}") = "ModuleExam", "ModuleExam", "{975229C5-77AF-4346-B6C9-88AC6AF09697}"
EndProject
Project("{FAE04EC0-301F-11D3-BF4B-00C04F79EFBC}") = "SLK.TryEdu.ModuleExam", "SLK.TryEdu.ModuleExam\SLK.TryEdu.ModuleExam.csproj", "{0D093443-51B1-B381-62F5-EA53F13A6225}"
EndProject
Project("{FAE04EC0-301F-11D3-BF4B-00C04F79EFBC}") = "SLK.TryEdu.ModuleExamCore", "SLK.TryEdu.ModuleExamCore\SLK.TryEdu.ModuleExamCore.csproj", "{89C12449-DF66-4669-B7A3-EEA74904668C}"
EndProject
Project("{FAE04EC0-301F-11D3-BF4B-00C04F79EFBC}") = "SLK.TryEdu.ModuleExamBlazor", "SLK.TryEdu.ModuleExamBlazor\SLK.TryEdu.ModuleExamBlazor.csproj", "{895B55F3-460C-8DFD-9147-45263B8721AC}"
EndProject
Project("{FAE04EC0-301F-11D3-BF4B-00C04F79EFBC}") = "SLK.TryEdu.SharedComponents", "SLK.TryEdu.SharedComponents\SLK.TryEdu.SharedComponents.csproj", "{EE45A117-0BA7-0172-0520-066DC96EB2F5}"
EndProject
Global
	GlobalSection(SolutionConfigurationPlatforms) = preSolution
		Debug|Any CPU = Debug|Any CPU
		Release|Any CPU = Release|Any CPU
	EndGlobalSection
	GlobalSection(ProjectConfigurationPlatforms) = postSolution
		{7C759477-F4C0-365D-EB3D-220A2F02CE01}.Debug|Any CPU.ActiveCfg = Debug|Any CPU
		{7C759477-F4C0-365D-EB3D-220A2F02CE01}.Debug|Any CPU.Build.0 = Debug|Any CPU
		{7C759477-F4C0-365D-EB3D-220A2F02CE01}.Release|Any CPU.ActiveCfg = Release|Any CPU
		{7C759477-F4C0-365D-EB3D-220A2F02CE01}.Release|Any CPU.Build.0 = Release|Any CPU
		{306C464F-65EE-2FFB-39A1-67654F5E510D}.Debug|Any CPU.ActiveCfg = Debug|Any CPU
		{306C464F-65EE-2FFB-39A1-67654F5E510D}.Debug|Any CPU.Build.0 = Debug|Any CPU
		{306C464F-65EE-2FFB-39A1-67654F5E510D}.Release|Any CPU.ActiveCfg = Release|Any CPU
		{306C464F-65EE-2FFB-39A1-67654F5E510D}.Release|Any CPU.Build.0 = Release|Any CPU
		{4548805B-3E0D-6458-B1D3-DE5F23F921C1}.Debug|Any CPU.ActiveCfg = Debug|Any CPU
		{4548805B-3E0D-6458-B1D3-DE5F23F921C1}.Debug|Any CPU.Build.0 = Debug|Any CPU
		{4548805B-3E0D-6458-B1D3-DE5F23F921C1}.Release|Any CPU.ActiveCfg = Release|Any CPU
		{4548805B-3E0D-6458-B1D3-DE5F23F921C1}.Release|Any CPU.Build.0 = Release|Any CPU
		{A051782D-1561-D0AB-3488-B548404C948B}.Debug|Any CPU.ActiveCfg = Debug|Any CPU
		{A051782D-1561-D0AB-3488-B548404C948B}.Debug|Any CPU.Build.0 = Debug|Any CPU
		{A051782D-1561-D0AB-3488-B548404C948B}.Release|Any CPU.ActiveCfg = Release|Any CPU
		{A051782D-1561-D0AB-3488-B548404C948B}.Release|Any CPU.Build.0 = Release|Any CPU
		{695D60FF-502B-2D11-32B1-8E07881984B8}.Debug|Any CPU.ActiveCfg = Debug|Any CPU
		{695D60FF-502B-2D11-32B1-8E07881984B8}.Debug|Any CPU.Build.0 = Debug|Any CPU
		{695D60FF-502B-2D11-32B1-8E07881984B8}.Release|Any CPU.ActiveCfg = Release|Any CPU
		{695D60FF-502B-2D11-32B1-8E07881984B8}.Release|Any CPU.Build.0 = Release|Any CPU
		{234D9448-04A9-6437-1005-EFAF229DD90B}.Debug|Any CPU.ActiveCfg = Debug|Any CPU
		{234D9448-04A9-6437-1005-EFAF229DD90B}.Debug|Any CPU.Build.0 = Debug|Any CPU
		{234D9448-04A9-6437-1005-EFAF229DD90B}.Release|Any CPU.ActiveCfg = Release|Any CPU
		{234D9448-04A9-6437-1005-EFAF229DD90B}.Release|Any CPU.Build.0 = Release|Any CPU
		{FE9997CF-E787-9727-D037-063842E7237D}.Debug|Any CPU.ActiveCfg = Debug|Any CPU
		{FE9997CF-E787-9727-D037-063842E7237D}.Debug|Any CPU.Build.0 = Debug|Any CPU
		{FE9997CF-E787-9727-D037-063842E7237D}.Release|Any CPU.ActiveCfg = Release|Any CPU
		{FE9997CF-E787-9727-D037-063842E7237D}.Release|Any CPU.Build.0 = Release|Any CPU
		{B9034242-3F77-3124-4C89-891CD7A5003F}.Debug|Any CPU.ActiveCfg = Debug|Any CPU
		{B9034242-3F77-3124-4C89-891CD7A5003F}.Debug|Any CPU.Build.0 = Debug|Any CPU
		{B9034242-3F77-3124-4C89-891CD7A5003F}.Release|Any CPU.ActiveCfg = Release|Any CPU
		{B9034242-3F77-3124-4C89-891CD7A5003F}.Release|Any CPU.Build.0 = Release|Any CPU
		{137CF3DB-AD3F-78F0-CC4D-5D5A22D23323}.Debug|Any CPU.ActiveCfg = Debug|Any CPU
		{137CF3DB-AD3F-78F0-CC4D-5D5A22D23323}.Debug|Any CPU.Build.0 = Debug|Any CPU
		{137CF3DB-AD3F-78F0-CC4D-5D5A22D23323}.Release|Any CPU.ActiveCfg = Release|Any CPU
		{137CF3DB-AD3F-78F0-CC4D-5D5A22D23323}.Release|Any CPU.Build.0 = Release|Any CPU
		{34F4C2A5-05EC-2642-C1C3-7C6E81093180}.Debug|Any CPU.ActiveCfg = Debug|Any CPU
		{34F4C2A5-05EC-2642-C1C3-7C6E81093180}.Debug|Any CPU.Build.0 = Debug|Any CPU
		{34F4C2A5-05EC-2642-C1C3-7C6E81093180}.Release|Any CPU.ActiveCfg = Release|Any CPU
		{34F4C2A5-05EC-2642-C1C3-7C6E81093180}.Release|Any CPU.Build.0 = Release|Any CPU
		{8AD5F8CA-6517-6124-4E77-3FB9317CD5D3}.Debug|Any CPU.ActiveCfg = Debug|Any CPU
		{8AD5F8CA-6517-6124-4E77-3FB9317CD5D3}.Debug|Any CPU.Build.0 = Debug|Any CPU
		{8AD5F8CA-6517-6124-4E77-3FB9317CD5D3}.Release|Any CPU.ActiveCfg = Release|Any CPU
		{8AD5F8CA-6517-6124-4E77-3FB9317CD5D3}.Release|Any CPU.Build.0 = Release|Any CPU
		{756EA879-42D5-3FAE-7329-654F9B1D9445}.Debug|Any CPU.ActiveCfg = Debug|Any CPU
		{756EA879-42D5-3FAE-7329-654F9B1D9445}.Debug|Any CPU.Build.0 = Debug|Any CPU
		{756EA879-42D5-3FAE-7329-654F9B1D9445}.Release|Any CPU.ActiveCfg = Release|Any CPU
		{756EA879-42D5-3FAE-7329-654F9B1D9445}.Release|Any CPU.Build.0 = Release|Any CPU
		{3A4A9A86-D5D1-3E2C-1EBC-11FA06A76E76}.Debug|Any CPU.ActiveCfg = Debug|Any CPU
		{3A4A9A86-D5D1-3E2C-1EBC-11FA06A76E76}.Debug|Any CPU.Build.0 = Debug|Any CPU
		{3A4A9A86-D5D1-3E2C-1EBC-11FA06A76E76}.Release|Any CPU.ActiveCfg = Release|Any CPU
		{3A4A9A86-D5D1-3E2C-1EBC-11FA06A76E76}.Release|Any CPU.Build.0 = Release|Any CPU
		{3E3B0F4C-FCC3-D8D1-2993-158BB29281F7}.Debug|Any CPU.ActiveCfg = Debug|Any CPU
		{3E3B0F4C-FCC3-D8D1-2993-158BB29281F7}.Debug|Any CPU.Build.0 = Debug|Any CPU
		{3E3B0F4C-FCC3-D8D1-2993-158BB29281F7}.Release|Any CPU.ActiveCfg = Release|Any CPU
		{3E3B0F4C-FCC3-D8D1-2993-158BB29281F7}.Release|Any CPU.Build.0 = Release|Any CPU
		{5A832C1D-B5CA-DD4C-B68B-47D9F0822291}.Debug|Any CPU.ActiveCfg = Debug|Any CPU
		{5A832C1D-B5CA-DD4C-B68B-47D9F0822291}.Debug|Any CPU.Build.0 = Debug|Any CPU
		{5A832C1D-B5CA-DD4C-B68B-47D9F0822291}.Release|Any CPU.ActiveCfg = Release|Any CPU
		{5A832C1D-B5CA-DD4C-B68B-47D9F0822291}.Release|Any CPU.Build.0 = Release|Any CPU
		{3A276D9D-D69A-D14C-886A-1640768E20F0}.Debug|Any CPU.ActiveCfg = Debug|Any CPU
		{3A276D9D-D69A-D14C-886A-1640768E20F0}.Debug|Any CPU.Build.0 = Debug|Any CPU
		{3A276D9D-D69A-D14C-886A-1640768E20F0}.Release|Any CPU.ActiveCfg = Release|Any CPU
		{3A276D9D-D69A-D14C-886A-1640768E20F0}.Release|Any CPU.Build.0 = Release|Any CPU
		{48EF62CE-16BA-2FB6-75B3-F5FE35AE9FCD}.Debug|Any CPU.ActiveCfg = Debug|Any CPU
		{48EF62CE-16BA-2FB6-75B3-F5FE35AE9FCD}.Debug|Any CPU.Build.0 = Debug|Any CPU
		{48EF62CE-16BA-2FB6-75B3-F5FE35AE9FCD}.Release|Any CPU.ActiveCfg = Release|Any CPU
		{48EF62CE-16BA-2FB6-75B3-F5FE35AE9FCD}.Release|Any CPU.Build.0 = Release|Any CPU
		{1ECE9542-D136-8F37-934B-128372E2E803}.Debug|Any CPU.ActiveCfg = Debug|Any CPU
		{1ECE9542-D136-8F37-934B-128372E2E803}.Debug|Any CPU.Build.0 = Debug|Any CPU
		{1ECE9542-D136-8F37-934B-128372E2E803}.Release|Any CPU.ActiveCfg = Release|Any CPU
		{1ECE9542-D136-8F37-934B-128372E2E803}.Release|Any CPU.Build.0 = Release|Any CPU
		{629F7475-13CA-2096-BFB1-60DC130B8FFE}.Debug|Any CPU.ActiveCfg = Debug|Any CPU
		{629F7475-13CA-2096-BFB1-60DC130B8FFE}.Debug|Any CPU.Build.0 = Debug|Any CPU
		{629F7475-13CA-2096-BFB1-60DC130B8FFE}.Release|Any CPU.ActiveCfg = Release|Any CPU
		{629F7475-13CA-2096-BFB1-60DC130B8FFE}.Release|Any CPU.Build.0 = Release|Any CPU
		{AB4F4DB8-CA4D-AC1E-CD31-DAB51CBDF91B}.Debug|Any CPU.ActiveCfg = Debug|Any CPU
		{AB4F4DB8-CA4D-AC1E-CD31-DAB51CBDF91B}.Debug|Any CPU.Build.0 = Debug|Any CPU
		{AB4F4DB8-CA4D-AC1E-CD31-DAB51CBDF91B}.Release|Any CPU.ActiveCfg = Release|Any CPU
		{AB4F4DB8-CA4D-AC1E-CD31-DAB51CBDF91B}.Release|Any CPU.Build.0 = Release|Any CPU
		{AE1F9B4D-4C13-7557-BE2D-3DE7671FE77E}.Debug|Any CPU.ActiveCfg = Debug|Any CPU
		{AE1F9B4D-4C13-7557-BE2D-3DE7671FE77E}.Debug|Any CPU.Build.0 = Debug|Any CPU
		{AE1F9B4D-4C13-7557-BE2D-3DE7671FE77E}.Release|Any CPU.ActiveCfg = Release|Any CPU
		{AE1F9B4D-4C13-7557-BE2D-3DE7671FE77E}.Release|Any CPU.Build.0 = Release|Any CPU
		{34002C53-DD59-C882-9EE4-E2F0C66AFA9A}.Debug|Any CPU.ActiveCfg = Debug|Any CPU
		{34002C53-DD59-C882-9EE4-E2F0C66AFA9A}.Debug|Any CPU.Build.0 = Debug|Any CPU
		{34002C53-DD59-C882-9EE4-E2F0C66AFA9A}.Release|Any CPU.ActiveCfg = Release|Any CPU
		{34002C53-DD59-C882-9EE4-E2F0C66AFA9A}.Release|Any CPU.Build.0 = Release|Any CPU
		{69E58C4E-E30C-7787-53D6-52F405D78E27}.Debug|Any CPU.ActiveCfg = Debug|Any CPU
		{69E58C4E-E30C-7787-53D6-52F405D78E27}.Debug|Any CPU.Build.0 = Debug|Any CPU
		{69E58C4E-E30C-7787-53D6-52F405D78E27}.Release|Any CPU.ActiveCfg = Release|Any CPU
		{69E58C4E-E30C-7787-53D6-52F405D78E27}.Release|Any CPU.Build.0 = Release|Any CPU
		{53A092F6-1554-8042-BAC1-3DD79C34842C}.Debug|Any CPU.ActiveCfg = Debug|Any CPU
		{53A092F6-1554-8042-BAC1-3DD79C34842C}.Debug|Any CPU.Build.0 = Debug|Any CPU
		{53A092F6-1554-8042-BAC1-3DD79C34842C}.Release|Any CPU.ActiveCfg = Release|Any CPU
		{53A092F6-1554-8042-BAC1-3DD79C34842C}.Release|Any CPU.Build.0 = Release|Any CPU
		{5B21C0A2-2213-4188-6D53-AF116245183C}.Debug|Any CPU.ActiveCfg = Debug|Any CPU
		{5B21C0A2-2213-4188-6D53-AF116245183C}.Debug|Any CPU.Build.0 = Debug|Any CPU
		{5B21C0A2-2213-4188-6D53-AF116245183C}.Release|Any CPU.ActiveCfg = Release|Any CPU
		{5B21C0A2-2213-4188-6D53-AF116245183C}.Release|Any CPU.Build.0 = Release|Any CPU
		{A3E2E086-1E91-95AC-8F59-A04BE9A37A77}.Debug|Any CPU.ActiveCfg = Debug|Any CPU
		{A3E2E086-1E91-95AC-8F59-A04BE9A37A77}.Debug|Any CPU.Build.0 = Debug|Any CPU
		{A3E2E086-1E91-95AC-8F59-A04BE9A37A77}.Release|Any CPU.ActiveCfg = Release|Any CPU
		{A3E2E086-1E91-95AC-8F59-A04BE9A37A77}.Release|Any CPU.Build.0 = Release|Any CPU
		{8E31B206-D3C2-4381-7630-0DB1E6E706F4}.Debug|Any CPU.ActiveCfg = Debug|Any CPU
		{8E31B206-D3C2-4381-7630-0DB1E6E706F4}.Debug|Any CPU.Build.0 = Debug|Any CPU
		{8E31B206-D3C2-4381-7630-0DB1E6E706F4}.Release|Any CPU.ActiveCfg = Release|Any CPU
		{8E31B206-D3C2-4381-7630-0DB1E6E706F4}.Release|Any CPU.Build.0 = Release|Any CPU
		{0C42514D-5A15-BE66-76A1-4A270ACD0543}.Debug|Any CPU.ActiveCfg = Debug|Any CPU
		{0C42514D-5A15-BE66-76A1-4A270ACD0543}.Debug|Any CPU.Build.0 = Debug|Any CPU
		{0C42514D-5A15-BE66-76A1-4A270ACD0543}.Release|Any CPU.ActiveCfg = Release|Any CPU
		{0C42514D-5A15-BE66-76A1-4A270ACD0543}.Release|Any CPU.Build.0 = Release|Any CPU
		{7149ECC9-37AB-F46D-D58E-0B27CE05C470}.Debug|Any CPU.ActiveCfg = Debug|Any CPU
		{7149ECC9-37AB-F46D-D58E-0B27CE05C470}.Debug|Any CPU.Build.0 = Debug|Any CPU
		{7149ECC9-37AB-F46D-D58E-0B27CE05C470}.Release|Any CPU.ActiveCfg = Release|Any CPU
		{7149ECC9-37AB-F46D-D58E-0B27CE05C470}.Release|Any CPU.Build.0 = Release|Any CPU
		{0D093443-51B1-B381-62F5-EA53F13A6225}.Debug|Any CPU.ActiveCfg = Debug|Any CPU
		{0D093443-51B1-B381-62F5-EA53F13A6225}.Debug|Any CPU.Build.0 = Debug|Any CPU
		{0D093443-51B1-B381-62F5-EA53F13A6225}.Release|Any CPU.ActiveCfg = Release|Any CPU
		{0D093443-51B1-B381-62F5-EA53F13A6225}.Release|Any CPU.Build.0 = Release|Any CPU
		{89C12449-DF66-4669-B7A3-EEA74904668C}.Debug|Any CPU.ActiveCfg = Debug|Any CPU
		{89C12449-DF66-4669-B7A3-EEA74904668C}.Debug|Any CPU.Build.0 = Debug|Any CPU
		{89C12449-DF66-4669-B7A3-EEA74904668C}.Release|Any CPU.ActiveCfg = Release|Any CPU
		{89C12449-DF66-4669-B7A3-EEA74904668C}.Release|Any CPU.Build.0 = Release|Any CPU
		{895B55F3-460C-8DFD-9147-45263B8721AC}.Debug|Any CPU.ActiveCfg = Debug|Any CPU
		{895B55F3-460C-8DFD-9147-45263B8721AC}.Debug|Any CPU.Build.0 = Debug|Any CPU
		{895B55F3-460C-8DFD-9147-45263B8721AC}.Release|Any CPU.ActiveCfg = Release|Any CPU
		{895B55F3-460C-8DFD-9147-45263B8721AC}.Release|Any CPU.Build.0 = Release|Any CPU
		{EE45A117-0BA7-0172-0520-066DC96EB2F5}.Debug|Any CPU.ActiveCfg = Debug|Any CPU
		{EE45A117-0BA7-0172-0520-066DC96EB2F5}.Debug|Any CPU.Build.0 = Debug|Any CPU
		{EE45A117-0BA7-0172-0520-066DC96EB2F5}.Release|Any CPU.ActiveCfg = Release|Any CPU
		{EE45A117-0BA7-0172-0520-066DC96EB2F5}.Release|Any CPU.Build.0 = Release|Any CPU
	EndGlobalSection
	GlobalSection(SolutionProperties) = preSolution
		HideSolutionNode = FALSE
	EndGlobalSection
	GlobalSection(NestedProjects) = preSolution
		{4548805B-3E0D-6458-B1D3-DE5F23F921C1} = {B2F37E4B-3A65-438B-AC7D-B9908EAEDCF2}
		{A051782D-1561-D0AB-3488-B548404C948B} = {B2F37E4B-3A65-438B-AC7D-B9908EAEDCF2}
		{695D60FF-502B-2D11-32B1-8E07881984B8} = {B2F37E4B-3A65-438B-AC7D-B9908EAEDCF2}
		{234D9448-04A9-6437-1005-EFAF229DD90B} = {CEA3A858-A996-4228-BFAF-5574AC3CDC4B}
		{FE9997CF-E787-9727-D037-063842E7237D} = {CEA3A858-A996-4228-BFAF-5574AC3CDC4B}
		{B9034242-3F77-3124-4C89-891CD7A5003F} = {CEA3A858-A996-4228-BFAF-5574AC3CDC4B}
		{137CF3DB-AD3F-78F0-CC4D-5D5A22D23323} = {02EA681E-C7D8-13C7-8484-4AC65E1B71E8}
		{34F4C2A5-05EC-2642-C1C3-7C6E81093180} = {02EA681E-C7D8-13C7-8484-4AC65E1B71E8}
		{8AD5F8CA-6517-6124-4E77-3FB9317CD5D3} = {02EA681E-C7D8-13C7-8484-4AC65E1B71E8}
		{756EA879-42D5-3FAE-7329-654F9B1D9445} = {98E185D4-42E0-48A1-B1AC-76E449780193}
		{3A4A9A86-D5D1-3E2C-1EBC-11FA06A76E76} = {98E185D4-42E0-48A1-B1AC-76E449780193}
		{3E3B0F4C-FCC3-D8D1-2993-158BB29281F7} = {98E185D4-42E0-48A1-B1AC-76E449780193}
		{5A832C1D-B5CA-DD4C-B68B-47D9F0822291} = {047FEEB3-220E-4B76-BF97-FF83889D8814}
		{3A276D9D-D69A-D14C-886A-1640768E20F0} = {047FEEB3-220E-4B76-BF97-FF83889D8814}
		{48EF62CE-16BA-2FB6-75B3-F5FE35AE9FCD} = {047FEEB3-220E-4B76-BF97-FF83889D8814}
		{1ECE9542-D136-8F37-934B-128372E2E803} = {EC564088-0710-4767-B39F-A330963A6CB3}
		{629F7475-13CA-2096-BFB1-60DC130B8FFE} = {EC564088-0710-4767-B39F-A330963A6CB3}
		{AB4F4DB8-CA4D-AC1E-CD31-DAB51CBDF91B} = {EC564088-0710-4767-B39F-A330963A6CB3}
		{AE1F9B4D-4C13-7557-BE2D-3DE7671FE77E} = {D98684D0-B624-4C06-8909-5BB7882C7CC6}
		{34002C53-DD59-C882-9EE4-E2F0C66AFA9A} = {D98684D0-B624-4C06-8909-5BB7882C7CC6}
		{69E58C4E-E30C-7787-53D6-52F405D78E27} = {D98684D0-B624-4C06-8909-5BB7882C7CC6}
		{53A092F6-1554-8042-BAC1-3DD79C34842C} = {8ABEAC5B-852F-4EF6-BFF3-78134AE95E7D}
		{5B21C0A2-2213-4188-6D53-AF116245183C} = {8ABEAC5B-852F-4EF6-BFF3-78134AE95E7D}
		{A3E2E086-1E91-95AC-8F59-A04BE9A37A77} = {8ABEAC5B-852F-4EF6-BFF3-78134AE95E7D}
		{8E31B206-D3C2-4381-7630-0DB1E6E706F4} = {0037AB65-E3AC-4835-9323-A5EE343517B7}
		{0C42514D-5A15-BE66-76A1-4A270ACD0543} = {0037AB65-E3AC-4835-9323-A5EE343517B7}
		{7149ECC9-37AB-F46D-D58E-0B27CE05C470} = {0037AB65-E3AC-4835-9323-A5EE343517B7}
		{0D093443-51B1-B381-62F5-EA53F13A6225} = {975229C5-77AF-4346-B6C9-88AC6AF09697}
		{89C12449-DF66-4669-B7A3-EEA74904668C} = {975229C5-77AF-4346-B6C9-88AC6AF09697}
		{895B55F3-460C-8DFD-9147-45263B8721AC} = {975229C5-77AF-4346-B6C9-88AC6AF09697}
		{EE45A117-0BA7-0172-0520-066DC96EB2F5} = {CEA3A858-A996-4228-BFAF-5574AC3CDC4B}
	EndGlobalSection
	GlobalSection(ExtensibilityGlobals) = postSolution
		SolutionGuid = {4DC6ACC2-41E0-4C6B-8043-D84B88495393}
	EndGlobalSection
EndGlobal
